// !$*UTF8*$!
{
	archiveVersion = 1;
	classes = {
	};
	objectVersion = 46;
	objects = {

/* Begin PBXBuildFile section */
		ACC718F817EDE49100F9833E /* UIKit.framework in Frameworks */ = {isa = PBXBuildFile; fileRef = ACC718F717EDE49100F9833E /* UIKit.framework */; };
		ACC718FA17EDE49100F9833E /* Foundation.framework in Frameworks */ = {isa = PBXBuildFile; fileRef = ACC718F917EDE49100F9833E /* Foundation.framework */; };
		ACC718FC17EDE49100F9833E /* CoreGraphics.framework in Frameworks */ = {isa = PBXBuildFile; fileRef = ACC718FB17EDE49100F9833E /* CoreGraphics.framework */; };
		ACC7190217EDE49100F9833E /* InfoPlist.strings in Resources */ = {isa = PBXBuildFile; fileRef = ACC7190017EDE49100F9833E /* InfoPlist.strings */; };
		ACC7190417EDE49100F9833E /* main.m in Sources */ = {isa = PBXBuildFile; fileRef = ACC7190317EDE49100F9833E /* main.m */; };
		ACC7190817EDE49100F9833E /* RequestaAppDelegate.m in Sources */ = {isa = PBXBuildFile; fileRef = ACC7190717EDE49100F9833E /* RequestaAppDelegate.m */; };
		ACC7190A17EDE49100F9833E /* Default.png in Resources */ = {isa = PBXBuildFile; fileRef = ACC7190917EDE49100F9833E /* Default.png */; };
		ACC7190C17EDE49100F9833E /* Default@2x.png in Resources */ = {isa = PBXBuildFile; fileRef = ACC7190B17EDE49100F9833E /* Default@2x.png */; };
		ACC7190E17EDE49100F9833E /* Default-568h@2x.png in Resources */ = {isa = PBXBuildFile; fileRef = ACC7190D17EDE49100F9833E /* Default-568h@2x.png */; };
		ACC7191117EDE49100F9833E /* MainStoryboard_iPhone.storyboard in Resources */ = {isa = PBXBuildFile; fileRef = ACC7190F17EDE49100F9833E /* MainStoryboard_iPhone.storyboard */; };
		ACC7191417EDE49100F9833E /* MainStoryboard_iPad.storyboard in Resources */ = {isa = PBXBuildFile; fileRef = ACC7191217EDE49100F9833E /* MainStoryboard_iPad.storyboard */; };
		ACC7191717EDE49100F9833E /* RequestaViewController.m in Sources */ = {isa = PBXBuildFile; fileRef = ACC7191617EDE49100F9833E /* RequestaViewController.m */; };
		ACDD6CC417EDE78B00EEDC5C /* Firebase.framework in Frameworks */ = {isa = PBXBuildFile; fileRef = ACDD6CC317EDE78B00EEDC5C /* Firebase.framework */; };
		ACDD6CC617EDE79200EEDC5C /* libicucore.dylib in Frameworks */ = {isa = PBXBuildFile; fileRef = ACDD6CC517EDE79200EEDC5C /* libicucore.dylib */; };
		ACDD6CC817EDE79600EEDC5C /* CFNetwork.framework in Frameworks */ = {isa = PBXBuildFile; fileRef = ACDD6CC717EDE79600EEDC5C /* CFNetwork.framework */; };
		ACDD6CCA17EDE79A00EEDC5C /* Security.framework in Frameworks */ = {isa = PBXBuildFile; fileRef = ACDD6CC917EDE79A00EEDC5C /* Security.framework */; };
		ACDD6CE217EDF0AE00EEDC5C /* UIView+JMNoise.m in Sources */ = {isa = PBXBuildFile; fileRef = ACDD6CCE17EDF0AE00EEDC5C /* UIView+JMNoise.m */; settings = {COMPILER_FLAGS = "-fno-objc-arc"; }; };
		ACDD6CE317EDF0AE00EEDC5C /* close.png in Resources */ = {isa = PBXBuildFile; fileRef = ACDD6CD017EDF0AE00EEDC5C /* close.png */; };
		ACDD6CE417EDF0AE00EEDC5C /* close@2x.png in Resources */ = {isa = PBXBuildFile; fileRef = ACDD6CD117EDF0AE00EEDC5C /* close@2x.png */; };
		ACDD6CE517EDF0AE00EEDC5C /* modalButton-selected.png in Resources */ = {isa = PBXBuildFile; fileRef = ACDD6CD217EDF0AE00EEDC5C /* modalButton-selected.png */; };
		ACDD6CE617EDF0AE00EEDC5C /* modalButton-selected@2x.png in Resources */ = {isa = PBXBuildFile; fileRef = ACDD6CD317EDF0AE00EEDC5C /* modalButton-selected@2x.png */; };
		ACDD6CE717EDF0AE00EEDC5C /* modalButton.png in Resources */ = {isa = PBXBuildFile; fileRef = ACDD6CD417EDF0AE00EEDC5C /* modalButton.png */; };
		ACDD6CE817EDF0AE00EEDC5C /* modalButton@2x.png in Resources */ = {isa = PBXBuildFile; fileRef = ACDD6CD517EDF0AE00EEDC5C /* modalButton@2x.png */; };
		ACDD6CE917EDF0AE00EEDC5C /* UAModalPanel.m in Sources */ = {isa = PBXBuildFile; fileRef = ACDD6CD817EDF0AE00EEDC5C /* UAModalPanel.m */; settings = {COMPILER_FLAGS = "-fno-objc-arc"; }; };
		ACDD6CEA17EDF0AE00EEDC5C /* UATitledModalPanel.m in Sources */ = {isa = PBXBuildFile; fileRef = ACDD6CDA17EDF0AE00EEDC5C /* UATitledModalPanel.m */; settings = {COMPILER_FLAGS = "-fno-objc-arc"; }; };
		ACDD6CEB17EDF0AE00EEDC5C /* UAGradientBackground.m in Sources */ = {isa = PBXBuildFile; fileRef = ACDD6CDD17EDF0AE00EEDC5C /* UAGradientBackground.m */; settings = {COMPILER_FLAGS = "-fno-objc-arc"; }; };
		ACDD6CEC17EDF0AE00EEDC5C /* UANoisyGradientBackground.m in Sources */ = {isa = PBXBuildFile; fileRef = ACDD6CDF17EDF0AE00EEDC5C /* UANoisyGradientBackground.m */; settings = {COMPILER_FLAGS = "-fno-objc-arc"; }; };
		ACDD6CED17EDF0AE00EEDC5C /* UARoundedRectView.m in Sources */ = {isa = PBXBuildFile; fileRef = ACDD6CE117EDF0AE00EEDC5C /* UARoundedRectView.m */; settings = {COMPILER_FLAGS = "-fno-objc-arc"; }; };
		ACDD6CEF17EDF0BA00EEDC5C /* QuartzCore.framework in Frameworks */ = {isa = PBXBuildFile; fileRef = ACDD6CEE17EDF0BA00EEDC5C /* QuartzCore.framework */; };
		ACDD6CF217EDF0E400EEDC5C /* MBProgressHUD.m in Sources */ = {isa = PBXBuildFile; fileRef = ACDD6CF117EDF0E400EEDC5C /* MBProgressHUD.m */; settings = {COMPILER_FLAGS = "-fno-objc-arc"; }; };
		ACDD6CFA17EDF72A00EEDC5C /* SIAlertView.bundle in Resources */ = {isa = PBXBuildFile; fileRef = ACDD6CF617EDF72A00EEDC5C /* SIAlertView.bundle */; };
		ACDD6CFB17EDF72A00EEDC5C /* SIAlertView.m in Sources */ = {isa = PBXBuildFile; fileRef = ACDD6CF817EDF72A00EEDC5C /* SIAlertView.m */; };
		ACDD6D0017EDF7D600EEDC5C /* Singleton.m in Sources */ = {isa = PBXBuildFile; fileRef = ACDD6CFF17EDF7D600EEDC5C /* Singleton.m */; };
		ACDD6D0317EDF82A00EEDC5C /* Song.m in Sources */ = {isa = PBXBuildFile; fileRef = ACDD6D0217EDF82A00EEDC5C /* Song.m */; };
		ACDD6D0517EE02B300EEDC5C /* FirebaseSimpleLogin.framework in Frameworks */ = {isa = PBXBuildFile; fileRef = ACDD6D0417EE02B300EEDC5C /* FirebaseSimpleLogin.framework */; };
		ACDD6D0717EE031C00EEDC5C /* Accounts.framework in Frameworks */ = {isa = PBXBuildFile; fileRef = ACDD6D0617EE031C00EEDC5C /* Accounts.framework */; };
		ACDD6D0917EE032000EEDC5C /* Social.framework in Frameworks */ = {isa = PBXBuildFile; fileRef = ACDD6D0817EE032000EEDC5C /* Social.framework */; };
		EB86D9FF17EE07000017E2C9 /* OpenScreenViewController.m in Sources */ = {isa = PBXBuildFile; fileRef = EB86D9FE17EE07000017E2C9 /* OpenScreenViewController.m */; };
		EB86DA0217EE0DF60017E2C9 /* UserSongsRequestedViewController.m in Sources */ = {isa = PBXBuildFile; fileRef = EB86DA0117EE0DF60017E2C9 /* UserSongsRequestedViewController.m */; };
		EB86DA0517EE0ED30017E2C9 /* UserNewSongRequestViewController.m in Sources */ = {isa = PBXBuildFile; fileRef = EB86DA0417EE0ED30017E2C9 /* UserNewSongRequestViewController.m */; };
		EB86DA0817EE106A0017E2C9 /* DJSignInViewController.m in Sources */ = {isa = PBXBuildFile; fileRef = EB86DA0717EE106A0017E2C9 /* DJSignInViewController.m */; };
		EB86DA0B17EE11390017E2C9 /* DJSongRequestViewController.m in Sources */ = {isa = PBXBuildFile; fileRef = EB86DA0A17EE11390017E2C9 /* DJSongRequestViewController.m */; };
		EB86DA0E17EE12650017E2C9 /* DJSignUpViewController.m in Sources */ = {isa = PBXBuildFile; fileRef = EB86DA0D17EE12640017E2C9 /* DJSignUpViewController.m */; };
/* End PBXBuildFile section */

/* Begin PBXFileReference section */
		ACC718F417EDE49100F9833E /* Requesta.app */ = {isa = PBXFileReference; explicitFileType = wrapper.application; includeInIndex = 0; path = Requesta.app; sourceTree = BUILT_PRODUCTS_DIR; };
		ACC718F717EDE49100F9833E /* UIKit.framework */ = {isa = PBXFileReference; lastKnownFileType = wrapper.framework; name = UIKit.framework; path = System/Library/Frameworks/UIKit.framework; sourceTree = SDKROOT; };
		ACC718F917EDE49100F9833E /* Foundation.framework */ = {isa = PBXFileReference; lastKnownFileType = wrapper.framework; name = Foundation.framework; path = System/Library/Frameworks/Foundation.framework; sourceTree = SDKROOT; };
		ACC718FB17EDE49100F9833E /* CoreGraphics.framework */ = {isa = PBXFileReference; lastKnownFileType = wrapper.framework; name = CoreGraphics.framework; path = System/Library/Frameworks/CoreGraphics.framework; sourceTree = SDKROOT; };
		ACC718FF17EDE49100F9833E /* Requesta-Info.plist */ = {isa = PBXFileReference; lastKnownFileType = text.plist.xml; path = "Requesta-Info.plist"; sourceTree = "<group>"; };
		ACC7190117EDE49100F9833E /* en */ = {isa = PBXFileReference; lastKnownFileType = text.plist.strings; name = en; path = en.lproj/InfoPlist.strings; sourceTree = "<group>"; };
		ACC7190317EDE49100F9833E /* main.m */ = {isa = PBXFileReference; lastKnownFileType = sourcecode.c.objc; path = main.m; sourceTree = "<group>"; };
		ACC7190517EDE49100F9833E /* Requesta-Prefix.pch */ = {isa = PBXFileReference; lastKnownFileType = sourcecode.c.h; path = "Requesta-Prefix.pch"; sourceTree = "<group>"; };
		ACC7190617EDE49100F9833E /* RequestaAppDelegate.h */ = {isa = PBXFileReference; lastKnownFileType = sourcecode.c.h; path = RequestaAppDelegate.h; sourceTree = "<group>"; };
		ACC7190717EDE49100F9833E /* RequestaAppDelegate.m */ = {isa = PBXFileReference; lastKnownFileType = sourcecode.c.objc; path = RequestaAppDelegate.m; sourceTree = "<group>"; };
		ACC7190917EDE49100F9833E /* Default.png */ = {isa = PBXFileReference; lastKnownFileType = image.png; path = Default.png; sourceTree = "<group>"; };
		ACC7190B17EDE49100F9833E /* Default@2x.png */ = {isa = PBXFileReference; lastKnownFileType = image.png; path = "Default@2x.png"; sourceTree = "<group>"; };
		ACC7190D17EDE49100F9833E /* Default-568h@2x.png */ = {isa = PBXFileReference; lastKnownFileType = image.png; path = "Default-568h@2x.png"; sourceTree = "<group>"; };
		ACC7191017EDE49100F9833E /* en */ = {isa = PBXFileReference; lastKnownFileType = file.storyboard; name = en; path = en.lproj/MainStoryboard_iPhone.storyboard; sourceTree = "<group>"; };
		ACC7191317EDE49100F9833E /* en */ = {isa = PBXFileReference; lastKnownFileType = file.storyboard; name = en; path = en.lproj/MainStoryboard_iPad.storyboard; sourceTree = "<group>"; };
		ACC7191517EDE49100F9833E /* RequestaViewController.h */ = {isa = PBXFileReference; lastKnownFileType = sourcecode.c.h; path = RequestaViewController.h; sourceTree = "<group>"; };
		ACC7191617EDE49100F9833E /* RequestaViewController.m */ = {isa = PBXFileReference; lastKnownFileType = sourcecode.c.objc; path = RequestaViewController.m; sourceTree = "<group>"; };
		ACDD6CC317EDE78B00EEDC5C /* Firebase.framework */ = {isa = PBXFileReference; lastKnownFileType = wrapper.framework; path = Firebase.framework; sourceTree = "<group>"; };
		ACDD6CC517EDE79200EEDC5C /* libicucore.dylib */ = {isa = PBXFileReference; lastKnownFileType = "compiled.mach-o.dylib"; name = libicucore.dylib; path = usr/lib/libicucore.dylib; sourceTree = SDKROOT; };
		ACDD6CC717EDE79600EEDC5C /* CFNetwork.framework */ = {isa = PBXFileReference; lastKnownFileType = wrapper.framework; name = CFNetwork.framework; path = System/Library/Frameworks/CFNetwork.framework; sourceTree = SDKROOT; };
		ACDD6CC917EDE79A00EEDC5C /* Security.framework */ = {isa = PBXFileReference; lastKnownFileType = wrapper.framework; name = Security.framework; path = System/Library/Frameworks/Security.framework; sourceTree = SDKROOT; };
		ACDD6CCD17EDF0AE00EEDC5C /* UIView+JMNoise.h */ = {isa = PBXFileReference; fileEncoding = 4; lastKnownFileType = sourcecode.c.h; path = "UIView+JMNoise.h"; sourceTree = "<group>"; };
		ACDD6CCE17EDF0AE00EEDC5C /* UIView+JMNoise.m */ = {isa = PBXFileReference; fileEncoding = 4; lastKnownFileType = sourcecode.c.objc; path = "UIView+JMNoise.m"; sourceTree = "<group>"; };
		ACDD6CD017EDF0AE00EEDC5C /* close.png */ = {isa = PBXFileReference; lastKnownFileType = image.png; path = close.png; sourceTree = "<group>"; };
		ACDD6CD117EDF0AE00EEDC5C /* close@2x.png */ = {isa = PBXFileReference; lastKnownFileType = image.png; path = "close@2x.png"; sourceTree = "<group>"; };
		ACDD6CD217EDF0AE00EEDC5C /* modalButton-selected.png */ = {isa = PBXFileReference; lastKnownFileType = image.png; path = "modalButton-selected.png"; sourceTree = "<group>"; };
		ACDD6CD317EDF0AE00EEDC5C /* modalButton-selected@2x.png */ = {isa = PBXFileReference; lastKnownFileType = image.png; path = "modalButton-selected@2x.png"; sourceTree = "<group>"; };
		ACDD6CD417EDF0AE00EEDC5C /* modalButton.png */ = {isa = PBXFileReference; lastKnownFileType = image.png; path = modalButton.png; sourceTree = "<group>"; };
		ACDD6CD517EDF0AE00EEDC5C /* modalButton@2x.png */ = {isa = PBXFileReference; lastKnownFileType = image.png; path = "modalButton@2x.png"; sourceTree = "<group>"; };
		ACDD6CD717EDF0AE00EEDC5C /* UAModalPanel.h */ = {isa = PBXFileReference; fileEncoding = 4; lastKnownFileType = sourcecode.c.h; path = UAModalPanel.h; sourceTree = "<group>"; };
		ACDD6CD817EDF0AE00EEDC5C /* UAModalPanel.m */ = {isa = PBXFileReference; fileEncoding = 4; lastKnownFileType = sourcecode.c.objc; path = UAModalPanel.m; sourceTree = "<group>"; };
		ACDD6CD917EDF0AE00EEDC5C /* UATitledModalPanel.h */ = {isa = PBXFileReference; fileEncoding = 4; lastKnownFileType = sourcecode.c.h; path = UATitledModalPanel.h; sourceTree = "<group>"; };
		ACDD6CDA17EDF0AE00EEDC5C /* UATitledModalPanel.m */ = {isa = PBXFileReference; fileEncoding = 4; lastKnownFileType = sourcecode.c.objc; path = UATitledModalPanel.m; sourceTree = "<group>"; };
		ACDD6CDC17EDF0AE00EEDC5C /* UAGradientBackground.h */ = {isa = PBXFileReference; fileEncoding = 4; lastKnownFileType = sourcecode.c.h; path = UAGradientBackground.h; sourceTree = "<group>"; };
		ACDD6CDD17EDF0AE00EEDC5C /* UAGradientBackground.m */ = {isa = PBXFileReference; fileEncoding = 4; lastKnownFileType = sourcecode.c.objc; path = UAGradientBackground.m; sourceTree = "<group>"; };
		ACDD6CDE17EDF0AE00EEDC5C /* UANoisyGradientBackground.h */ = {isa = PBXFileReference; fileEncoding = 4; lastKnownFileType = sourcecode.c.h; path = UANoisyGradientBackground.h; sourceTree = "<group>"; };
		ACDD6CDF17EDF0AE00EEDC5C /* UANoisyGradientBackground.m */ = {isa = PBXFileReference; fileEncoding = 4; lastKnownFileType = sourcecode.c.objc; path = UANoisyGradientBackground.m; sourceTree = "<group>"; };
		ACDD6CE017EDF0AE00EEDC5C /* UARoundedRectView.h */ = {isa = PBXFileReference; fileEncoding = 4; lastKnownFileType = sourcecode.c.h; path = UARoundedRectView.h; sourceTree = "<group>"; };
		ACDD6CE117EDF0AE00EEDC5C /* UARoundedRectView.m */ = {isa = PBXFileReference; fileEncoding = 4; lastKnownFileType = sourcecode.c.objc; path = UARoundedRectView.m; sourceTree = "<group>"; };
		ACDD6CEE17EDF0BA00EEDC5C /* QuartzCore.framework */ = {isa = PBXFileReference; lastKnownFileType = wrapper.framework; name = QuartzCore.framework; path = System/Library/Frameworks/QuartzCore.framework; sourceTree = SDKROOT; };
		ACDD6CF017EDF0E400EEDC5C /* MBProgressHUD.h */ = {isa = PBXFileReference; fileEncoding = 4; lastKnownFileType = sourcecode.c.h; path = MBProgressHUD.h; sourceTree = "<group>"; };
		ACDD6CF117EDF0E400EEDC5C /* MBProgressHUD.m */ = {isa = PBXFileReference; fileEncoding = 4; lastKnownFileType = sourcecode.c.objc; path = MBProgressHUD.m; sourceTree = "<group>"; };
		ACDD6CF617EDF72A00EEDC5C /* SIAlertView.bundle */ = {isa = PBXFileReference; lastKnownFileType = "wrapper.plug-in"; path = SIAlertView.bundle; sourceTree = "<group>"; };
		ACDD6CF717EDF72A00EEDC5C /* SIAlertView.h */ = {isa = PBXFileReference; fileEncoding = 4; lastKnownFileType = sourcecode.c.h; path = SIAlertView.h; sourceTree = "<group>"; };
		ACDD6CF817EDF72A00EEDC5C /* SIAlertView.m */ = {isa = PBXFileReference; fileEncoding = 4; lastKnownFileType = sourcecode.c.objc; path = SIAlertView.m; sourceTree = "<group>"; };
		ACDD6CFE17EDF7D600EEDC5C /* Singleton.h */ = {isa = PBXFileReference; fileEncoding = 4; lastKnownFileType = sourcecode.c.h; path = Singleton.h; sourceTree = "<group>"; };
		ACDD6CFF17EDF7D600EEDC5C /* Singleton.m */ = {isa = PBXFileReference; fileEncoding = 4; lastKnownFileType = sourcecode.c.objc; path = Singleton.m; sourceTree = "<group>"; };
		ACDD6D0117EDF82A00EEDC5C /* Song.h */ = {isa = PBXFileReference; fileEncoding = 4; lastKnownFileType = sourcecode.c.h; path = Song.h; sourceTree = "<group>"; };
		ACDD6D0217EDF82A00EEDC5C /* Song.m */ = {isa = PBXFileReference; fileEncoding = 4; lastKnownFileType = sourcecode.c.objc; path = Song.m; sourceTree = "<group>"; };
		ACDD6D0417EE02B300EEDC5C /* FirebaseSimpleLogin.framework */ = {isa = PBXFileReference; lastKnownFileType = wrapper.framework; path = FirebaseSimpleLogin.framework; sourceTree = "<group>"; };
		ACDD6D0617EE031C00EEDC5C /* Accounts.framework */ = {isa = PBXFileReference; lastKnownFileType = wrapper.framework; name = Accounts.framework; path = System/Library/Frameworks/Accounts.framework; sourceTree = SDKROOT; };
		ACDD6D0817EE032000EEDC5C /* Social.framework */ = {isa = PBXFileReference; lastKnownFileType = wrapper.framework; name = Social.framework; path = System/Library/Frameworks/Social.framework; sourceTree = SDKROOT; };
		EB86D9FD17EE07000017E2C9 /* OpenScreenViewController.h */ = {isa = PBXFileReference; fileEncoding = 4; lastKnownFileType = sourcecode.c.h; path = OpenScreenViewController.h; sourceTree = "<group>"; };
		EB86D9FE17EE07000017E2C9 /* OpenScreenViewController.m */ = {isa = PBXFileReference; fileEncoding = 4; lastKnownFileType = sourcecode.c.objc; path = OpenScreenViewController.m; sourceTree = "<group>"; };
		EB86DA0017EE0DF60017E2C9 /* UserSongsRequestedViewController.h */ = {isa = PBXFileReference; fileEncoding = 4; lastKnownFileType = sourcecode.c.h; path = UserSongsRequestedViewController.h; sourceTree = "<group>"; };
		EB86DA0117EE0DF60017E2C9 /* UserSongsRequestedViewController.m */ = {isa = PBXFileReference; fileEncoding = 4; lastKnownFileType = sourcecode.c.objc; path = UserSongsRequestedViewController.m; sourceTree = "<group>"; };
		EB86DA0317EE0ED30017E2C9 /* UserNewSongRequestViewController.h */ = {isa = PBXFileReference; fileEncoding = 4; lastKnownFileType = sourcecode.c.h; path = UserNewSongRequestViewController.h; sourceTree = "<group>"; };
		EB86DA0417EE0ED30017E2C9 /* UserNewSongRequestViewController.m */ = {isa = PBXFileReference; fileEncoding = 4; lastKnownFileType = sourcecode.c.objc; path = UserNewSongRequestViewController.m; sourceTree = "<group>"; };
		EB86DA0617EE106A0017E2C9 /* DJSignInViewController.h */ = {isa = PBXFileReference; fileEncoding = 4; lastKnownFileType = sourcecode.c.h; path = DJSignInViewController.h; sourceTree = "<group>"; };
		EB86DA0717EE106A0017E2C9 /* DJSignInViewController.m */ = {isa = PBXFileReference; fileEncoding = 4; lastKnownFileType = sourcecode.c.objc; path = DJSignInViewController.m; sourceTree = "<group>"; };
		EB86DA0917EE11390017E2C9 /* DJSongRequestViewController.h */ = {isa = PBXFileReference; fileEncoding = 4; lastKnownFileType = sourcecode.c.h; path = DJSongRequestViewController.h; sourceTree = "<group>"; };
		EB86DA0A17EE11390017E2C9 /* DJSongRequestViewController.m */ = {isa = PBXFileReference; fileEncoding = 4; lastKnownFileType = sourcecode.c.objc; path = DJSongRequestViewController.m; sourceTree = "<group>"; };
		EB86DA0C17EE12640017E2C9 /* DJSignUpViewController.h */ = {isa = PBXFileReference; fileEncoding = 4; lastKnownFileType = sourcecode.c.h; path = DJSignUpViewController.h; sourceTree = "<group>"; };
		EB86DA0D17EE12640017E2C9 /* DJSignUpViewController.m */ = {isa = PBXFileReference; fileEncoding = 4; lastKnownFileType = sourcecode.c.objc; path = DJSignUpViewController.m; sourceTree = "<group>"; };
/* End PBXFileReference section */

/* Begin PBXFrameworksBuildPhase section */
		ACC718F117EDE49100F9833E /* Frameworks */ = {
			isa = PBXFrameworksBuildPhase;
			buildActionMask = 2147483647;
			files = (
				ACDD6D0917EE032000EEDC5C /* Social.framework in Frameworks */,
				ACDD6D0717EE031C00EEDC5C /* Accounts.framework in Frameworks */,
				ACDD6CEF17EDF0BA00EEDC5C /* QuartzCore.framework in Frameworks */,
				ACDD6CCA17EDE79A00EEDC5C /* Security.framework in Frameworks */,
				ACDD6CC817EDE79600EEDC5C /* CFNetwork.framework in Frameworks */,
				ACDD6CC617EDE79200EEDC5C /* libicucore.dylib in Frameworks */,
				ACC718F817EDE49100F9833E /* UIKit.framework in Frameworks */,
				ACC718FA17EDE49100F9833E /* Foundation.framework in Frameworks */,
				ACC718FC17EDE49100F9833E /* CoreGraphics.framework in Frameworks */,
				ACDD6CC417EDE78B00EEDC5C /* Firebase.framework in Frameworks */,
				ACDD6D0517EE02B300EEDC5C /* FirebaseSimpleLogin.framework in Frameworks */,
			);
			runOnlyForDeploymentPostprocessing = 0;
		};
/* End PBXFrameworksBuildPhase section */

/* Begin PBXGroup section */
		ACC718EB17EDE49100F9833E = {
			isa = PBXGroup;
			children = (
				ACDD6D0817EE032000EEDC5C /* Social.framework */,
				ACDD6D0617EE031C00EEDC5C /* Accounts.framework */,
				ACDD6CEE17EDF0BA00EEDC5C /* QuartzCore.framework */,
				ACDD6CC917EDE79A00EEDC5C /* Security.framework */,
				ACDD6CC717EDE79600EEDC5C /* CFNetwork.framework */,
				ACDD6CC517EDE79200EEDC5C /* libicucore.dylib */,
				ACC718FD17EDE49100F9833E /* Requesta */,
				ACC718F617EDE49100F9833E /* Frameworks */,
				ACC718F517EDE49100F9833E /* Products */,
			);
			sourceTree = "<group>";
		};
		ACC718F517EDE49100F9833E /* Products */ = {
			isa = PBXGroup;
			children = (
				ACC718F417EDE49100F9833E /* Requesta.app */,
			);
			name = Products;
			sourceTree = "<group>";
		};
		ACC718F617EDE49100F9833E /* Frameworks */ = {
			isa = PBXGroup;
			children = (
				ACDD6D0417EE02B300EEDC5C /* FirebaseSimpleLogin.framework */,
				ACDD6CC317EDE78B00EEDC5C /* Firebase.framework */,
				ACC718F717EDE49100F9833E /* UIKit.framework */,
				ACC718F917EDE49100F9833E /* Foundation.framework */,
				ACC718FB17EDE49100F9833E /* CoreGraphics.framework */,
			);
			name = Frameworks;
			sourceTree = "<group>";
		};
		ACC718FD17EDE49100F9833E /* Requesta */ = {
			isa = PBXGroup;
			children = (
				ACDD6D0117EDF82A00EEDC5C /* Song.h */,
				ACDD6D0217EDF82A00EEDC5C /* Song.m */,
				ACDD6CFE17EDF7D600EEDC5C /* Singleton.h */,
				ACDD6CFF17EDF7D600EEDC5C /* Singleton.m */,
				ACC7190617EDE49100F9833E /* RequestaAppDelegate.h */,
				ACC7190717EDE49100F9833E /* RequestaAppDelegate.m */,
				ACC7190F17EDE49100F9833E /* MainStoryboard_iPhone.storyboard */,
				EB86DA0C17EE12640017E2C9 /* DJSignUpViewController.h */,
				EB86DA0D17EE12640017E2C9 /* DJSignUpViewController.m */,
				EB86DA0917EE11390017E2C9 /* DJSongRequestViewController.h */,
				EB86DA0A17EE11390017E2C9 /* DJSongRequestViewController.m */,
				EB86DA0617EE106A0017E2C9 /* DJSignInViewController.h */,
				EB86DA0717EE106A0017E2C9 /* DJSignInViewController.m */,
				EB86DA0317EE0ED30017E2C9 /* UserNewSongRequestViewController.h */,
				EB86DA0417EE0ED30017E2C9 /* UserNewSongRequestViewController.m */,
				EB86DA0017EE0DF60017E2C9 /* UserSongsRequestedViewController.h */,
				EB86DA0117EE0DF60017E2C9 /* UserSongsRequestedViewController.m */,
				EB86D9FD17EE07000017E2C9 /* OpenScreenViewController.h */,
				EB86D9FE17EE07000017E2C9 /* OpenScreenViewController.m */,
				ACC7191217EDE49100F9833E /* MainStoryboard_iPad.storyboard */,
				ACC7191517EDE49100F9833E /* RequestaViewController.h */,
				ACC7191617EDE49100F9833E /* RequestaViewController.m */,
				ACC718FE17EDE49100F9833E /* Supporting Files */,
			);
			path = Requesta;
			sourceTree = "<group>";
		};
		ACC718FE17EDE49100F9833E /* Supporting Files */ = {
			isa = PBXGroup;
			children = (
				ACDD6CF317EDF72A00EEDC5C /* SIAlertView */,
				ACDD6CF017EDF0E400EEDC5C /* MBProgressHUD.h */,
				ACDD6CF117EDF0E400EEDC5C /* MBProgressHUD.m */,
				ACDD6CCB17EDF0AE00EEDC5C /* Panel */,
				ACC718FF17EDE49100F9833E /* Requesta-Info.plist */,
				ACC7190017EDE49100F9833E /* InfoPlist.strings */,
				ACC7190317EDE49100F9833E /* main.m */,
				ACC7190517EDE49100F9833E /* Requesta-Prefix.pch */,
				ACC7190917EDE49100F9833E /* Default.png */,
				ACC7190B17EDE49100F9833E /* Default@2x.png */,
				ACC7190D17EDE49100F9833E /* Default-568h@2x.png */,
			);
			name = "Supporting Files";
			sourceTree = "<group>";
		};
		ACDD6CCB17EDF0AE00EEDC5C /* Panel */ = {
			isa = PBXGroup;
			children = (
				ACDD6CCC17EDF0AE00EEDC5C /* Categories */,
				ACDD6CCF17EDF0AE00EEDC5C /* Images */,
				ACDD6CD617EDF0AE00EEDC5C /* Panels */,
				ACDD6CDB17EDF0AE00EEDC5C /* Views */,
			);
			path = Panel;
			sourceTree = "<group>";
		};
		ACDD6CCC17EDF0AE00EEDC5C /* Categories */ = {
			isa = PBXGroup;
			children = (
				ACDD6CCD17EDF0AE00EEDC5C /* UIView+JMNoise.h */,
				ACDD6CCE17EDF0AE00EEDC5C /* UIView+JMNoise.m */,
			);
			path = Categories;
			sourceTree = "<group>";
		};
		ACDD6CCF17EDF0AE00EEDC5C /* Images */ = {
			isa = PBXGroup;
			children = (
				ACDD6CD017EDF0AE00EEDC5C /* close.png */,
				ACDD6CD117EDF0AE00EEDC5C /* close@2x.png */,
				ACDD6CD217EDF0AE00EEDC5C /* modalButton-selected.png */,
				ACDD6CD317EDF0AE00EEDC5C /* modalButton-selected@2x.png */,
				ACDD6CD417EDF0AE00EEDC5C /* modalButton.png */,
				ACDD6CD517EDF0AE00EEDC5C /* modalButton@2x.png */,
			);
			path = Images;
			sourceTree = "<group>";
		};
		ACDD6CD617EDF0AE00EEDC5C /* Panels */ = {
			isa = PBXGroup;
			children = (
				ACDD6CD717EDF0AE00EEDC5C /* UAModalPanel.h */,
				ACDD6CD817EDF0AE00EEDC5C /* UAModalPanel.m */,
				ACDD6CD917EDF0AE00EEDC5C /* UATitledModalPanel.h */,
				ACDD6CDA17EDF0AE00EEDC5C /* UATitledModalPanel.m */,
			);
			path = Panels;
			sourceTree = "<group>";
		};
		ACDD6CDB17EDF0AE00EEDC5C /* Views */ = {
			isa = PBXGroup;
			children = (
				ACDD6CDC17EDF0AE00EEDC5C /* UAGradientBackground.h */,
				ACDD6CDD17EDF0AE00EEDC5C /* UAGradientBackground.m */,
				ACDD6CDE17EDF0AE00EEDC5C /* UANoisyGradientBackground.h */,
				ACDD6CDF17EDF0AE00EEDC5C /* UANoisyGradientBackground.m */,
				ACDD6CE017EDF0AE00EEDC5C /* UARoundedRectView.h */,
				ACDD6CE117EDF0AE00EEDC5C /* UARoundedRectView.m */,
			);
			path = Views;
			sourceTree = "<group>";
		};
		ACDD6CF317EDF72A00EEDC5C /* SIAlertView */ = {
			isa = PBXGroup;
			children = (
				ACDD6CF617EDF72A00EEDC5C /* SIAlertView.bundle */,
				ACDD6CF717EDF72A00EEDC5C /* SIAlertView.h */,
				ACDD6CF817EDF72A00EEDC5C /* SIAlertView.m */,
			);
			path = SIAlertView;
			sourceTree = "<group>";
		};
/* End PBXGroup section */

/* Begin PBXNativeTarget section */
		ACC718F317EDE49100F9833E /* Requesta */ = {
			isa = PBXNativeTarget;
			buildConfigurationList = ACC7191A17EDE49100F9833E /* Build configuration list for PBXNativeTarget "Requesta" */;
			buildPhases = (
				ACC718F017EDE49100F9833E /* Sources */,
				ACC718F117EDE49100F9833E /* Frameworks */,
				ACC718F217EDE49100F9833E /* Resources */,
			);
			buildRules = (
			);
			dependencies = (
			);
			name = Requesta;
			productName = Requesta;
			productReference = ACC718F417EDE49100F9833E /* Requesta.app */;
			productType = "com.apple.product-type.application";
		};
/* End PBXNativeTarget section */

/* Begin PBXProject section */
		ACC718EC17EDE49100F9833E /* Project object */ = {
			isa = PBXProject;
			attributes = {
				CLASSPREFIX = Requesta;
				LastUpgradeCheck = 0460;
				ORGANIZATIONNAME = JaganBreljGupta;
			};
			buildConfigurationList = ACC718EF17EDE49100F9833E /* Build configuration list for PBXProject "Requesta" */;
			compatibilityVersion = "Xcode 3.2";
			developmentRegion = English;
			hasScannedForEncodings = 0;
			knownRegions = (
				en,
			);
			mainGroup = ACC718EB17EDE49100F9833E;
			productRefGroup = ACC718F517EDE49100F9833E /* Products */;
			projectDirPath = "";
			projectRoot = "";
			targets = (
				ACC718F317EDE49100F9833E /* Requesta */,
			);
		};
/* End PBXProject section */

/* Begin PBXResourcesBuildPhase section */
		ACC718F217EDE49100F9833E /* Resources */ = {
			isa = PBXResourcesBuildPhase;
			buildActionMask = 2147483647;
			files = (
				ACC7190217EDE49100F9833E /* InfoPlist.strings in Resources */,
				ACC7190A17EDE49100F9833E /* Default.png in Resources */,
				ACC7190C17EDE49100F9833E /* Default@2x.png in Resources */,
				ACC7190E17EDE49100F9833E /* Default-568h@2x.png in Resources */,
				ACC7191117EDE49100F9833E /* MainStoryboard_iPhone.storyboard in Resources */,
				ACC7191417EDE49100F9833E /* MainStoryboard_iPad.storyboard in Resources */,
				ACDD6CE317EDF0AE00EEDC5C /* close.png in Resources */,
				ACDD6CE417EDF0AE00EEDC5C /* close@2x.png in Resources */,
				ACDD6CE517EDF0AE00EEDC5C /* modalButton-selected.png in Resources */,
				ACDD6CE617EDF0AE00EEDC5C /* modalButton-selected@2x.png in Resources */,
				ACDD6CE717EDF0AE00EEDC5C /* modalButton.png in Resources */,
				ACDD6CE817EDF0AE00EEDC5C /* modalButton@2x.png in Resources */,
				ACDD6CFA17EDF72A00EEDC5C /* SIAlertView.bundle in Resources */,
			);
			runOnlyForDeploymentPostprocessing = 0;
		};
/* End PBXResourcesBuildPhase section */

/* Begin PBXSourcesBuildPhase section */
		ACC718F017EDE49100F9833E /* Sources */ = {
			isa = PBXSourcesBuildPhase;
			buildActionMask = 2147483647;
			files = (
				ACC7190417EDE49100F9833E /* main.m in Sources */,
				ACC7190817EDE49100F9833E /* RequestaAppDelegate.m in Sources */,
				ACC7191717EDE49100F9833E /* RequestaViewController.m in Sources */,
				ACDD6CE217EDF0AE00EEDC5C /* UIView+JMNoise.m in Sources */,
				ACDD6CE917EDF0AE00EEDC5C /* UAModalPanel.m in Sources */,
				ACDD6CEA17EDF0AE00EEDC5C /* UATitledModalPanel.m in Sources */,
				ACDD6CEB17EDF0AE00EEDC5C /* UAGradientBackground.m in Sources */,
				ACDD6CEC17EDF0AE00EEDC5C /* UANoisyGradientBackground.m in Sources */,
				ACDD6CED17EDF0AE00EEDC5C /* UARoundedRectView.m in Sources */,
				ACDD6CF217EDF0E400EEDC5C /* MBProgressHUD.m in Sources */,
				ACDD6CFB17EDF72A00EEDC5C /* SIAlertView.m in Sources */,
				ACDD6D0017EDF7D600EEDC5C /* Singleton.m in Sources */,
				ACDD6D0317EDF82A00EEDC5C /* Song.m in Sources */,
				EB86D9FF17EE07000017E2C9 /* OpenScreenViewController.m in Sources */,
				EB86DA0217EE0DF60017E2C9 /* UserSongsRequestedViewController.m in Sources */,
				EB86DA0517EE0ED30017E2C9 /* UserNewSongRequestViewController.m in Sources */,
				EB86DA0817EE106A0017E2C9 /* DJSignInViewController.m in Sources */,
				EB86DA0B17EE11390017E2C9 /* DJSongRequestViewController.m in Sources */,
				EB86DA0E17EE12650017E2C9 /* DJSignUpViewController.m in Sources */,
			);
			runOnlyForDeploymentPostprocessing = 0;
		};
/* End PBXSourcesBuildPhase section */

/* Begin PBXVariantGroup section */
		ACC7190017EDE49100F9833E /* InfoPlist.strings */ = {
			isa = PBXVariantGroup;
			children = (
				ACC7190117EDE49100F9833E /* en */,
			);
			name = InfoPlist.strings;
			sourceTree = "<group>";
		};
		ACC7190F17EDE49100F9833E /* MainStoryboard_iPhone.storyboard */ = {
			isa = PBXVariantGroup;
			children = (
				ACC7191017EDE49100F9833E /* en */,
			);
			name = MainStoryboard_iPhone.storyboard;
			sourceTree = "<group>";
		};
		ACC7191217EDE49100F9833E /* MainStoryboard_iPad.storyboard */ = {
			isa = PBXVariantGroup;
			children = (
				ACC7191317EDE49100F9833E /* en */,
			);
			name = MainStoryboard_iPad.storyboard;
			sourceTree = "<group>";
		};
/* End PBXVariantGroup section */

/* Begin XCBuildConfiguration section */
		ACC7191817EDE49100F9833E /* Debug */ = {
			isa = XCBuildConfiguration;
			buildSettings = {
				ALWAYS_SEARCH_USER_PATHS = NO;
				CLANG_CXX_LANGUAGE_STANDARD = "gnu++0x";
				CLANG_CXX_LIBRARY = "libc++";
				CLANG_ENABLE_OBJC_ARC = YES;
				CLANG_WARN_CONSTANT_CONVERSION = YES;
				CLANG_WARN_EMPTY_BODY = YES;
				CLANG_WARN_ENUM_CONVERSION = YES;
				CLANG_WARN_INT_CONVERSION = YES;
				CLANG_WARN__DUPLICATE_METHOD_MATCH = YES;
				"CODE_SIGN_IDENTITY[sdk=iphoneos*]" = "iPhone Developer";
				COPY_PHASE_STRIP = NO;
				GCC_C_LANGUAGE_STANDARD = gnu99;
				GCC_DYNAMIC_NO_PIC = NO;
				GCC_OPTIMIZATION_LEVEL = 0;
				GCC_PREPROCESSOR_DEFINITIONS = (
					"DEBUG=1",
					"$(inherited)",
				);
				GCC_SYMBOLS_PRIVATE_EXTERN = NO;
				GCC_WARN_ABOUT_RETURN_TYPE = YES;
				GCC_WARN_UNINITIALIZED_AUTOS = YES;
				GCC_WARN_UNUSED_VARIABLE = YES;
				IPHONEOS_DEPLOYMENT_TARGET = 6.1;
				ONLY_ACTIVE_ARCH = YES;
				SDKROOT = iphoneos;
				TARGETED_DEVICE_FAMILY = "1,2";
			};
			name = Debug;
		};
		ACC7191917EDE49100F9833E /* Release */ = {
			isa = XCBuildConfiguration;
			buildSettings = {
				ALWAYS_SEARCH_USER_PATHS = NO;
				CLANG_CXX_LANGUAGE_STANDARD = "gnu++0x";
				CLANG_CXX_LIBRARY = "libc++";
				CLANG_ENABLE_OBJC_ARC = YES;
				CLANG_WARN_CONSTANT_CONVERSION = YES;
				CLANG_WARN_EMPTY_BODY = YES;
				CLANG_WARN_ENUM_CONVERSION = YES;
				CLANG_WARN_INT_CONVERSION = YES;
				CLANG_WARN__DUPLICATE_METHOD_MATCH = YES;
				"CODE_SIGN_IDENTITY[sdk=iphoneos*]" = "iPhone Developer";
				COPY_PHASE_STRIP = YES;
				GCC_C_LANGUAGE_STANDARD = gnu99;
				GCC_WARN_ABOUT_RETURN_TYPE = YES;
				GCC_WARN_UNINITIALIZED_AUTOS = YES;
				GCC_WARN_UNUSED_VARIABLE = YES;
				IPHONEOS_DEPLOYMENT_TARGET = 6.1;
				OTHER_CFLAGS = "-DNS_BLOCK_ASSERTIONS=1";
				SDKROOT = iphoneos;
				TARGETED_DEVICE_FAMILY = "1,2";
				VALIDATE_PRODUCT = YES;
			};
			name = Release;
		};
		ACC7191B17EDE49100F9833E /* Debug */ = {
			isa = XCBuildConfiguration;
			buildSettings = {
				FRAMEWORK_SEARCH_PATHS = (
					"$(inherited)",
					"\"$(SRCROOT)\"",
				);
				GCC_PRECOMPILE_PREFIX_HEADER = YES;
				GCC_PREFIX_HEADER = "Requesta/Requesta-Prefix.pch";
				INFOPLIST_FILE = "Requesta/Requesta-Info.plist";
				"OTHER_LDFLAGS[arch=*]" = "-ObjC";
				PRODUCT_NAME = "$(TARGET_NAME)";
				WRAPPER_EXTENSION = app;
			};
			name = Debug;
		};
		ACC7191C17EDE49100F9833E /* Release */ = {
			isa = XCBuildConfiguration;
			buildSettings = {
				FRAMEWORK_SEARCH_PATHS = (
					"$(inherited)",
					"\"$(SRCROOT)\"",
				);
				GCC_PRECOMPILE_PREFIX_HEADER = YES;
				GCC_PREFIX_HEADER = "Requesta/Requesta-Prefix.pch";
				INFOPLIST_FILE = "Requesta/Requesta-Info.plist";
				"OTHER_LDFLAGS[arch=*]" = "-ObjC";
				PRODUCT_NAME = "$(TARGET_NAME)";
				WRAPPER_EXTENSION = app;
			};
			name = Release;
		};
/* End XCBuildConfiguration section */

/* Begin XCConfigurationList section */
		ACC718EF17EDE49100F9833E /* Build configuration list for PBXProject "Requesta" */ = {
			isa = XCConfigurationList;
			buildConfigurations = (
				ACC7191817EDE49100F9833E /* Debug */,
				ACC7191917EDE49100F9833E /* Release */,
			);
			defaultConfigurationIsVisible = 0;
			defaultConfigurationName = Release;
		};
		ACC7191A17EDE49100F9833E /* Build configuration list for PBXNativeTarget "Requesta" */ = {
			isa = XCConfigurationList;
			buildConfigurations = (
				ACC7191B17EDE49100F9833E /* Debug */,
				ACC7191C17EDE49100F9833E /* Release */,
			);
			defaultConfigurationIsVisible = 0;
			defaultConfigurationName = Release;
		};
/* End XCConfigurationList section */
	};
	rootObject = ACC718EC17EDE49100F9833E /* Project object */;
}
